
Microsoft Visual Studio Solution File, Format Version 12.00
# Visual Studio 15
VisualStudioVersion = 15.0.26730.8
MinimumVisualStudioVersion = 10.0.40219.1
Project("{FAE04EC0-301F-11D3-BF4B-00C04F79EFBC}") = "RazorPagesMovie", "RazorPagesMovie\RazorPagesMovie.csproj", "{2366F71A-AB69-4C5E-8B0E-C6D1B49C05E7}"
EndProject
Global
	GlobalSection(SolutionConfigurationPlatforms) = preSolution
		Debug|Any CPU = Debug|Any CPU
		Release|Any CPU = Release|Any CPU
	EndGlobalSection
	GlobalSection(ProjectConfigurationPlatforms) = postSolution
		{2366F71A-AB69-4C5E-8B0E-C6D1B49C05E7}.Debug|Any CPU.ActiveCfg = Debug|Any CPU
		{2366F71A-AB69-4C5E-8B0E-C6D1B49C05E7}.Debug|Any CPU.Build.0 = Debug|Any CPU
		{2366F71A-AB69-4C5E-8B0E-C6D1B49C05E7}.Release|Any CPU.ActiveCfg = Release|Any CPU
		{2366F71A-AB69-4C5E-8B0E-C6D1B49C05E7}.Release|Any CPU.Build.0 = Release|Any CPU
	EndGlobalSection
	GlobalSection(SolutionProperties) = preSolution
		HideSolutionNode = FALSE
	EndGlobalSection
	GlobalSection(ExtensibilityGlobals) = postSolution
		SolutionGuid = {050CDB71-7081-4A9F-944F-A3DBE8DCBAB5}
	EndGlobalSection
EndGlobal
